
Microsoft Visual Studio Solution File, Format Version 12.00
# Visual Studio Version 17
VisualStudioVersion = 17.7.34221.43
MinimumVisualStudioVersion = 10.0.40219.1
Project("{FAE04EC0-301F-11D3-BF4B-00C04F79EFBC}") = "BlazorAppProvaSalvaFileDiTesto", "BlazorAppProvaSalvaFileDiTesto\BlazorAppProvaSalvaFileDiTesto.csproj", "{D265533C-8351-472A-8D79-70BE72BFDAE7}"
EndProject
Global
	GlobalSection(SolutionConfigurationPlatforms) = preSolution
		Debug|Any CPU = Debug|Any CPU
		Release|Any CPU = Release|Any CPU
	EndGlobalSection
	GlobalSection(ProjectConfigurationPlatforms) = postSolution
		{D265533C-8351-472A-8D79-70BE72BFDAE7}.Debug|Any CPU.ActiveCfg = Debug|Any CPU
		{D265533C-8351-472A-8D79-70BE72BFDAE7}.Debug|Any CPU.Build.0 = Debug|Any CPU
		{D265533C-8351-472A-8D79-70BE72BFDAE7}.Release|Any CPU.ActiveCfg = Release|Any CPU
		{D265533C-8351-472A-8D79-70BE72BFDAE7}.Release|Any CPU.Build.0 = Release|Any CPU
	EndGlobalSection
	GlobalSection(SolutionProperties) = preSolution
		HideSolutionNode = FALSE
	EndGlobalSection
	GlobalSection(ExtensibilityGlobals) = postSolution
		SolutionGuid = {5B56E69A-6F64-442A-BF7D-C57B228D915D}
	EndGlobalSection
EndGlobal
